{
  "version": 4,
  "terraform_version": "1.11.1",
  "serial": 40,
  "lineage": "2bcb00a1-75d0-6c28-7f38-ba1e96a6535b",
  "outputs": {},
  "resources": [
    {
      "mode": "data",
      "type": "google_iam_policy",
      "name": "serviceagent_secretAccessor",
      "provider": "provider[\"registry.terraform.io/hashicorp/google\"]",
      "instances": [
        {
          "schema_version": 0,
          "attributes": {
            "audit_config": null,
            "binding": [
              {
                "condition": [],
                "members": [
                  "serviceAccount:service-506929895493@gcp-sa-cloudbuild.iam.gserviceaccount.com"
                ],
                "role": "roles/secretmanager.secretAccessor"
              }
            ],
            "id": "95223223",
            "policy_data": "{\"bindings\":[{\"members\":[\"serviceAccount:service-506929895493@gcp-sa-cloudbuild.iam.gserviceaccount.com\"],\"role\":\"roles/secretmanager.secretAccessor\"}]}"
          },
          "sensitive_attributes": []
        }
      ]
    },
    {
      "mode": "managed",
      "type": "google_artifact_registry_repository",
      "name": "microservices_repo",
      "provider": "provider[\"registry.terraform.io/hashicorp/google\"]",
      "instances": [
        {
          "schema_version": 0,
          "attributes": {
            "cleanup_policies": [],
            "cleanup_policy_dry_run": false,
            "create_time": "2025-03-22T11:31:46.184269Z",
            "description": "Docker repository for microservices",
            "docker_config": [],
            "effective_labels": {
              "goog-terraform-provisioned": "true"
            },
            "format": "DOCKER",
            "id": "projects/k8s-assignment-454511/locations/us-central1/repositories/micro-services",
            "kms_key_name": "",
            "labels": null,
            "location": "us-central1",
            "maven_config": [],
            "mode": "STANDARD_REPOSITORY",
            "name": "micro-services",
            "project": "k8s-assignment-454511",
            "remote_repository_config": [],
            "repository_id": "micro-services",
            "terraform_labels": {
              "goog-terraform-provisioned": "true"
            },
            "timeouts": null,
            "update_time": "2025-03-22T11:31:46.184269Z",
            "virtual_repository_config": [],
            "vulnerability_scanning_config": [
              {
                "enablement_config": "",
                "enablement_state": "SCANNING_DISABLED",
                "enablement_state_reason": "API containerscanning.googleapis.com is not enabled."
              }
            ]
          },
          "sensitive_attributes": [],
          "private": "eyJlMmJmYjczMC1lY2FhLTExZTYtOGY4OC0zNDM2M2JjN2M0YzAiOnsiY3JlYXRlIjoxMjAwMDAwMDAwMDAwLCJkZWxldGUiOjEyMDAwMDAwMDAwMDAsInVwZGF0ZSI6MTIwMDAwMDAwMDAwMH19",
          "dependencies": [
            "data.google_iam_policy.serviceagent_secretAccessor",
            "google_cloudbuild_trigger.github_trigger",
            "google_cloudbuildv2_connection.my_connection",
            "google_cloudbuildv2_repository.my_repository",
            "google_project_service.cloud_build_api",
            "google_project_service.enable_artifact_registry",
            "google_project_service.secret_manager_api",
            "google_secret_manager_secret.github_token_secret",
            "google_secret_manager_secret_iam_policy.policy",
            "google_secret_manager_secret_version.github_token_secret_version",
            "google_service_account.default"
          ]
        }
      ]
    },
    {
      "mode": "managed",
      "type": "google_cloudbuild_trigger",
      "name": "github_trigger",
      "provider": "provider[\"registry.terraform.io/hashicorp/google\"]",
      "instances": [
        {
          "schema_version": 2,
          "attributes": {
            "approval_config": [
              {
                "approval_required": false
              }
            ],
            "bitbucket_server_trigger_config": [],
            "build": [],
            "create_time": "2025-03-22T11:31:37.130715161Z",
            "description": "",
            "disabled": false,
            "filename": "cloudbuild.yaml",
            "filter": "",
            "git_file_source": [],
            "github": [],
            "id": "projects/k8s-assignment-454511/locations/us-central1/triggers/ff455dca-a0fa-4f50-b3e5-4bbb51add56b",
            "ignored_files": null,
            "include_build_logs": "",
            "included_files": null,
            "location": "us-central1",
            "name": "github-trigger",
            "project": "k8s-assignment-454511",
            "pubsub_config": [],
            "repository_event_config": [
              {
                "pull_request": [],
                "push": [
                  {
                    "branch": "^main$",
                    "invert_regex": false,
                    "tag": ""
                  }
                ],
                "repository": "projects/k8s-assignment-454511/locations/us-central1/connections/github-connection/repositories/k8s-assignment"
              }
            ],
            "service_account": "projects/k8s-assignment-454511/serviceAccounts/kubernetes-project@k8s-assignment-454511.iam.gserviceaccount.com",
            "source_to_build": [],
            "substitutions": null,
            "tags": null,
            "timeouts": null,
            "trigger_id": "ff455dca-a0fa-4f50-b3e5-4bbb51add56b",
            "trigger_template": [],
            "webhook_config": []
          },
          "sensitive_attributes": [],
          "private": "eyJlMmJmYjczMC1lY2FhLTExZTYtOGY4OC0zNDM2M2JjN2M0YzAiOnsiY3JlYXRlIjoxMjAwMDAwMDAwMDAwLCJkZWxldGUiOjEyMDAwMDAwMDAwMDAsInVwZGF0ZSI6MTIwMDAwMDAwMDAwMH0sInNjaGVtYV92ZXJzaW9uIjoiMiJ9",
          "dependencies": [
            "data.google_iam_policy.serviceagent_secretAccessor",
            "google_cloudbuildv2_connection.my_connection",
            "google_cloudbuildv2_repository.my_repository",
            "google_project_service.secret_manager_api",
            "google_secret_manager_secret.github_token_secret",
            "google_secret_manager_secret_iam_policy.policy",
            "google_secret_manager_secret_version.github_token_secret_version",
            "google_service_account.default"
          ]
        }
      ]
    },
    {
      "mode": "managed",
      "type": "google_cloudbuildv2_connection",
      "name": "my_connection",
      "provider": "provider[\"registry.terraform.io/hashicorp/google\"]",
      "instances": [
        {
          "schema_version": 0,
          "attributes": {
            "annotations": null,
            "bitbucket_cloud_config": [],
            "bitbucket_data_center_config": [],
            "create_time": "2025-03-22T11:31:14.861652582Z",
            "disabled": false,
            "effective_annotations": {},
            "etag": "KGX_bPlICf_5DRibcV_tQgGQjllnkY8ECtClZjWxAoU",
            "github_config": [
              {
                "app_installation_id": 62290763,
                "authorizer_credential": [
                  {
                    "oauth_token_secret_version": "projects/506929895493/secrets/github_token/versions/1",
                    "username": ""
                  }
                ]
              }
            ],
            "github_enterprise_config": [],
            "gitlab_config": [],
            "id": "projects/k8s-assignment-454511/locations/us-central1/connections/github-connection",
            "installation_state": [
              {
                "action_uri": "",
                "message": "",
                "stage": "COMPLETE"
              }
            ],
            "location": "us-central1",
            "name": "github-connection",
            "project": "k8s-assignment-454511",
            "reconciling": false,
            "timeouts": null,
            "update_time": "2025-03-22T11:31:15.475427331Z"
          },
          "sensitive_attributes": [],
          "private": "eyJlMmJmYjczMC1lY2FhLTExZTYtOGY4OC0zNDM2M2JjN2M0YzAiOnsiY3JlYXRlIjoxMjAwMDAwMDAwMDAwLCJkZWxldGUiOjEyMDAwMDAwMDAwMDAsInVwZGF0ZSI6MTIwMDAwMDAwMDAwMH19",
          "dependencies": [
            "data.google_iam_policy.serviceagent_secretAccessor",
            "google_project_service.secret_manager_api",
            "google_secret_manager_secret.github_token_secret",
            "google_secret_manager_secret_iam_policy.policy",
            "google_secret_manager_secret_version.github_token_secret_version",
            "google_service_account.default"
          ]
        }
      ]
    },
    {
      "mode": "managed",
      "type": "google_cloudbuildv2_repository",
      "name": "my_repository",
      "provider": "provider[\"registry.terraform.io/hashicorp/google\"]",
      "instances": [
        {
          "schema_version": 0,
          "attributes": {
            "annotations": null,
            "create_time": "2025-03-22T11:31:25.968091336Z",
            "effective_annotations": {},
            "etag": "_-SavUXdu3gnzSz3rNJQTsZUn7cxlZpLAj-ssBuPc-8",
            "id": "projects/k8s-assignment-454511/locations/us-central1/connections/github-connection/repositories/k8s-assignment",
            "location": "us-central1",
            "name": "k8s-assignment",
            "parent_connection": "github-connection",
            "project": "k8s-assignment-454511",
            "remote_uri": "https://github.com/zzivaibhav/k8s-assignment.git",
            "timeouts": null,
            "update_time": "2025-03-22T11:31:26.650993305Z"
          },
          "sensitive_attributes": [],
          "private": "eyJlMmJmYjczMC1lY2FhLTExZTYtOGY4OC0zNDM2M2JjN2M0YzAiOnsiY3JlYXRlIjoxMjAwMDAwMDAwMDAwLCJkZWxldGUiOjEyMDAwMDAwMDAwMDB9fQ==",
          "dependencies": [
            "data.google_iam_policy.serviceagent_secretAccessor",
            "google_cloudbuildv2_connection.my_connection",
            "google_project_service.secret_manager_api",
            "google_secret_manager_secret.github_token_secret",
            "google_secret_manager_secret_iam_policy.policy",
            "google_secret_manager_secret_version.github_token_secret_version",
            "google_service_account.default"
          ]
        }
      ]
    },
    {
      "mode": "managed",
      "type": "google_container_cluster",
      "name": "primary",
      "provider": "provider[\"registry.terraform.io/hashicorp/google\"]",
      "instances": [
        {
          "schema_version": 2,
          "attributes": {
            "addons_config": [
              {
                "cloudrun_config": [],
                "config_connector_config": [],
                "dns_cache_config": [],
                "gce_persistent_disk_csi_driver_config": [
                  {
                    "enabled": true
                  }
                ],
                "gcp_filestore_csi_driver_config": [],
                "gcs_fuse_csi_driver_config": [],
                "gke_backup_agent_config": [],
                "horizontal_pod_autoscaling": [],
                "http_load_balancing": [],
                "network_policy_config": [
                  {
                    "disabled": true
                  }
                ],
                "parallelstore_csi_driver_config": [],
                "ray_operator_config": [],
                "stateful_ha_config": []
              }
            ],
            "allow_net_admin": null,
            "authenticator_groups_config": [],
            "binary_authorization": [
              {
                "enabled": false,
                "evaluation_mode": ""
              }
            ],
            "cluster_autoscaling": [
              {
                "auto_provisioning_defaults": [],
                "auto_provisioning_locations": [],
                "autoscaling_profile": "BALANCED",
                "enabled": false,
                "resource_limits": []
              }
            ],
            "cluster_ipv4_cidr": "10.100.0.0/14",
            "confidential_nodes": [],
            "control_plane_endpoints_config": [
              {
                "dns_endpoint_config": [
                  {
                    "allow_external_traffic": false,
                    "endpoint": "gke-98249741f7c641cc83b7fc2b93638385e2c7-506929895493.us-central1-a.gke.goog"
                  }
                ]
              }
            ],
            "cost_management_config": [],
            "database_encryption": [
              {
                "key_name": "",
                "state": "DECRYPTED"
              }
            ],
            "datapath_provider": "",
            "default_max_pods_per_node": 110,
            "default_snat_status": [
              {
                "disabled": false
              }
            ],
            "deletion_protection": false,
            "description": "",
            "dns_config": [],
            "effective_labels": {
              "goog-terraform-provisioned": "true"
            },
            "enable_autopilot": false,
            "enable_cilium_clusterwide_network_policy": false,
            "enable_fqdn_network_policy": false,
            "enable_intranode_visibility": false,
            "enable_k8s_beta_apis": [],
            "enable_kubernetes_alpha": false,
            "enable_l4_ilb_subsetting": false,
            "enable_legacy_abac": false,
            "enable_multi_networking": false,
            "enable_shielded_nodes": true,
            "enable_tpu": false,
            "endpoint": "34.27.12.8",
            "enterprise_config": [
              {
                "cluster_tier": "STANDARD",
                "desired_tier": ""
              }
            ],
            "fleet": [],
            "gateway_api_config": [],
            "id": "projects/k8s-assignment-454511/locations/us-central1-a/clusters/k8s-assignment",
            "identity_service_config": [],
            "initial_node_count": 1,
            "ip_allocation_policy": [
              {
                "additional_pod_ranges_config": [],
                "cluster_ipv4_cidr_block": "10.100.0.0/14",
                "cluster_secondary_range_name": "gke-k8s-assignment-pods-98249741",
                "pod_cidr_overprovision_config": [
                  {
                    "disabled": false
                  }
                ],
                "services_ipv4_cidr_block": "34.118.224.0/20",
                "services_secondary_range_name": "",
                "stack_type": "IPV4"
              }
            ],
            "label_fingerprint": "78cdf2f6",
            "location": "us-central1-a",
            "logging_config": [
              {
                "enable_components": [
                  "SYSTEM_COMPONENTS",
                  "WORKLOADS"
                ]
              }
            ],
            "logging_service": "logging.googleapis.com/kubernetes",
            "maintenance_policy": [],
            "master_auth": [
              {
                "client_certificate": "",
                "client_certificate_config": [
                  {
                    "issue_client_certificate": false
                  }
                ],
                "client_key": "",
                "cluster_ca_certificate": "LS0tLS1CRUdJTiBDRVJUSUZJQ0FURS0tLS0tCk1JSUVMRENDQXBTZ0F3SUJBZ0lRTjJHcjhkSk93WVdKVk9TYTZUNmNoVEFOQmdrcWhraUc5dzBCQVFzRkFEQXYKTVMwd0t3WURWUVFERXlSa056QTRNbUUyTmkwMU5XUTBMVFF5WWpVdE9XTTRaQzAwTkdNNE5qVm1NVEUyWmpJdwpJQmNOTWpVd016SXlNVEF6TVRReFdoZ1BNakExTlRBek1UVXhNVE14TkRGYU1DOHhMVEFyQmdOVkJBTVRKR1EzCk1EZ3lZVFkyTFRVMVpEUXROREppTlMwNVl6aGtMVFEwWXpnMk5XWXhNVFptTWpDQ0FhSXdEUVlKS29aSWh2Y04KQVFFQkJRQURnZ0dQQURDQ0FZb0NnZ0dCQUtNLy9hYXNkQ0Vzd3Vyc2tSbDAwbi9KSldzQVVGbmx4dmVDT0JNaAo2SzR0dTRRcVlhRzJZV0NuQkQyRUxRVnJ4eXBRT0hUNFkrUzFLRS81eVhWdTA3ZC9EK2FSZDh2M1kxUTdKZUlQClhuY3NhYWhLTENsSk1jSWlxNEZyNHI5cWdLSHNYbTdORGtnVzZXcmpzc0tQOWc2eUV1bE53NVdZYk53TlVUeTkKMXQ4Ukx4amREWmlEdHA0ZERMcFVZSEg5cGUwTGVleG9aNUluNW04MDF3aU03VHFFYjFhZkVoa0I2bDVOTWw0dgorYUQwV25WcGdZbXVVRnZlRHFxRUJSS0RFY3dsZ2gvRHdiZHJua0FFM29ZQmNLR0Y0d3ZBc01wRkpSUFl0cjIxCkpra3NaZERKMzZ1ay9tUVltMU9ia2pnUER3d0twM1pnZm42VU1YL2R1VFBuU0huWWJHY042cEgxRVd3UjFmakEKMm1RaGJQQTMwYkdaTFBDVm14SmJ0QkZocldGSEtPS0YrR2RkcUE3UGtpRUllemswZCsrR3NBU2lJc3dPOHBWTwo0aTVIUVNBN0ZUVE5LcUttNmVESEVUSmRScS9KTCs2N3d6a3JIVzJmcVVYNUNwTEk0YloyU0NxUTR1Tlc2U3ZxCmY4TVlucUtxdGxWdmpRVEpISG1pM2hNVU5RSURBUUFCbzBJd1FEQU9CZ05WSFE4QkFmOEVCQU1DQWdRd0R3WUQKVlIwVEFRSC9CQVV3QXdFQi96QWRCZ05WSFE0RUZnUVUwOWFEeXEwaFBpT3lNeWhnV0E0a2EyNFlpdW93RFFZSgpLb1pJaHZjTkFRRUxCUUFEZ2dHQkFHV0JQR1B5d2lMbUs3N3QycVBBVjFFaTJGdEU0V2gyZVlrK0NlRmloSldaCnJPcUNLdytvVll1RTU4UG1mTStSK0lsZWNKYUcva1RjMnMwaHE2bVpUcTBxaGFjMERPZUpHL01hekEwc0llWmcKT3ZneThSaUdOaGxVQ3FDTFZxQlVyQ1lRVmFDWVV2Z3BJOXVwMklGT0txYXppeGxGR2p6ZFFpMlZoeDd2aGhyQwpaT0hOa2JCSGxBTXRWc3RqQm1KL3B1Q1ZZZWZ2eXFCVFJvamdqTUg3bG8wa3phZW5WbkpuaHFhbHRFM1daM1pjCjJRYnMvaVRUNEp0SzQyb1ZPeGtQU2NOTFdqRnFxVXJia3pIbGJDTWFleGlXamtURm1DUGN6ZG9vTTZNbXBncmUKdzNEVktKUkh4amtNZm5oT0dCOGs0ZWtvRXZsUFNjbXFRNS9pQ1V0Sk1EdHJteXVSbWtkbHpBWTJKR2R1ektXbwpDSmRueXdiK1hadFo5bzhMcjhFbWpId1EranhNMUtYMi9Xb1JpdDE3dk1tNUo4bitLMTl3Wi9nQ2JJbktrbWhMCk85dkpCS2s3enh5cHRKRHdxTGR0UnZsL09WbWZiYXJSYVJZd1NFN0Fhd2Vhenp4NC9XWUxjYmM5Y3hpS3lVR1UKV3pUTUttZDhxNi9ZZW1BNjlhYnY4dz09Ci0tLS0tRU5EIENFUlRJRklDQVRFLS0tLS0K"
              }
            ],
            "master_authorized_networks_config": [],
            "master_version": "1.31.6-gke.1020000",
            "mesh_certificates": [],
            "min_master_version": null,
            "monitoring_config": [
              {
                "advanced_datapath_observability_config": [
                  {
                    "enable_metrics": false,
                    "enable_relay": false
                  }
                ],
                "enable_components": [
                  "SYSTEM_COMPONENTS",
                  "POD",
                  "DAEMONSET",
                  "DEPLOYMENT",
                  "STATEFULSET",
                  "STORAGE",
                  "HPA",
                  "CADVISOR",
                  "KUBELET"
                ],
                "managed_prometheus": [
                  {
                    "enabled": true
                  }
                ]
              }
            ],
            "monitoring_service": "monitoring.googleapis.com/kubernetes",
            "name": "k8s-assignment",
            "network": "projects/k8s-assignment-454511/global/networks/default",
            "network_policy": [
              {
                "enabled": false,
                "provider": "PROVIDER_UNSPECIFIED"
              }
            ],
            "networking_mode": "VPC_NATIVE",
            "node_config": [],
            "node_locations": [],
            "node_pool": [],
            "node_pool_auto_config": [],
            "node_pool_defaults": [
              {
                "node_config_defaults": [
                  {
                    "containerd_config": [],
                    "gcfs_config": [],
                    "insecure_kubelet_readonly_port_enabled": "FALSE",
                    "logging_variant": "DEFAULT"
                  }
                ]
              }
            ],
            "node_version": "1.31.6-gke.1020000",
            "notification_config": [
              {
                "pubsub": [
                  {
                    "enabled": false,
                    "filter": [],
                    "topic": ""
                  }
                ]
              }
            ],
            "operation": null,
            "private_cluster_config": [
              {
                "enable_private_endpoint": false,
                "enable_private_nodes": false,
                "master_global_access_config": [
                  {
                    "enabled": false
                  }
                ],
                "master_ipv4_cidr_block": "",
                "peering_name": "",
                "private_endpoint": "10.128.0.2",
                "private_endpoint_subnetwork": "",
                "public_endpoint": "34.27.12.8"
              }
            ],
            "private_ipv6_google_access": "",
            "project": "k8s-assignment-454511",
            "release_channel": [
              {
                "channel": "REGULAR"
              }
            ],
            "remove_default_node_pool": true,
            "resource_labels": null,
            "resource_usage_export_config": [],
            "secret_manager_config": [
              {
                "enabled": false
              }
            ],
            "security_posture_config": [
              {
                "mode": "BASIC",
                "vulnerability_mode": "VULNERABILITY_MODE_UNSPECIFIED"
              }
            ],
            "self_link": "https://container.googleapis.com/v1/projects/k8s-assignment-454511/zones/us-central1-a/clusters/k8s-assignment",
            "service_external_ips_config": [
              {
                "enabled": false
              }
            ],
            "services_ipv4_cidr": "34.118.224.0/20",
            "subnetwork": "projects/k8s-assignment-454511/regions/us-central1/subnetworks/default",
            "terraform_labels": {
              "goog-terraform-provisioned": "true"
            },
            "timeouts": null,
            "tpu_ipv4_cidr_block": "",
            "user_managed_keys_config": [],
            "vertical_pod_autoscaling": [],
            "workload_identity_config": []
          },
          "sensitive_attributes": [
            [
              {
                "type": "get_attr",
                "value": "master_auth"
              },
              {
                "type": "index",
                "value": {
                  "value": 0,
                  "type": "number"
                }
              },
              {
                "type": "get_attr",
                "value": "client_key"
              }
            ]
          ],
          "private": "eyJlMmJmYjczMC1lY2FhLTExZTYtOGY4OC0zNDM2M2JjN2M0YzAiOnsiY3JlYXRlIjoyNDAwMDAwMDAwMDAwLCJkZWxldGUiOjI0MDAwMDAwMDAwMDAsInJlYWQiOjI0MDAwMDAwMDAwMDAsInVwZGF0ZSI6MzYwMDAwMDAwMDAwMH0sInNjaGVtYV92ZXJzaW9uIjoiMiJ9",
          "dependencies": [
            "data.google_iam_policy.serviceagent_secretAccessor",
            "google_cloudbuild_trigger.github_trigger",
            "google_cloudbuildv2_connection.my_connection",
            "google_cloudbuildv2_repository.my_repository",
            "google_project_service.cloud_build_api",
            "google_project_service.compute_engine_api",
            "google_project_service.kubernetes_engine_api",
            "google_project_service.secret_manager_api",
            "google_secret_manager_secret.github_token_secret",
            "google_secret_manager_secret_iam_policy.policy",
            "google_secret_manager_secret_version.github_token_secret_version",
            "google_service_account.default"
          ]
        }
      ]
    },
    {
      "mode": "managed",
      "type": "google_container_node_pool",
      "name": "primary_preemptible_nodes",
      "provider": "provider[\"registry.terraform.io/hashicorp/google\"]",
      "instances": [
        {
          "schema_version": 1,
          "attributes": {
            "autoscaling": [],
            "cluster": "k8s-assignment",
            "id": "projects/k8s-assignment-454511/locations/us-central1-a/clusters/k8s-assignment/nodePools/custom-node-pool",
            "initial_node_count": 1,
            "instance_group_urls": [
              "https://www.googleapis.com/compute/v1/projects/k8s-assignment-454511/zones/us-central1-a/instanceGroupManagers/gke-k8s-assignment-custom-node-pool-59a4b56f-grp"
            ],
            "location": "us-central1-a",
            "managed_instance_group_urls": [
              "https://www.googleapis.com/compute/v1/projects/k8s-assignment-454511/zones/us-central1-a/instanceGroups/gke-k8s-assignment-custom-node-pool-59a4b56f-grp"
            ],
            "management": [
              {
                "auto_repair": true,
                "auto_upgrade": true
              }
            ],
            "max_pods_per_node": 110,
            "name": "custom-node-pool",
            "name_prefix": "",
            "network_config": [
              {
                "additional_node_network_configs": [],
                "additional_pod_network_configs": [],
                "create_pod_range": false,
                "enable_private_nodes": false,
                "network_performance_config": [],
                "pod_cidr_overprovision_config": [],
                "pod_ipv4_cidr_block": "10.100.0.0/14",
                "pod_range": "gke-k8s-assignment-pods-98249741"
              }
            ],
            "node_config": [
              {
                "advanced_machine_features": [],
                "boot_disk_kms_key": "",
                "confidential_nodes": [],
                "containerd_config": [],
                "disk_size_gb": 50,
                "disk_type": "pd-standard",
                "effective_taints": [],
                "enable_confidential_storage": false,
                "ephemeral_storage_local_ssd_config": [],
                "fast_socket": [],
                "gcfs_config": [],
                "guest_accelerator": [],
                "gvnic": [],
                "host_maintenance_policy": [],
                "image_type": "COS_CONTAINERD",
                "kubelet_config": [
                  {
                    "allowed_unsafe_sysctls": [],
                    "container_log_max_files": 0,
                    "container_log_max_size": "",
                    "cpu_cfs_quota": false,
                    "cpu_cfs_quota_period": "",
                    "cpu_manager_policy": "",
                    "image_gc_high_threshold_percent": 0,
                    "image_gc_low_threshold_percent": 0,
                    "image_maximum_gc_age": "",
                    "image_minimum_gc_age": "",
                    "insecure_kubelet_readonly_port_enabled": "TRUE",
                    "pod_pids_limit": 0
                  }
                ],
                "labels": {},
                "linux_node_config": [],
                "local_nvme_ssd_block_config": [],
                "local_ssd_count": 0,
                "local_ssd_encryption_mode": "",
                "logging_variant": "DEFAULT",
                "machine_type": "e2-small",
                "max_run_duration": "",
                "metadata": {
                  "disable-legacy-endpoints": "true"
                },
                "min_cpu_platform": "",
                "node_group": "",
                "oauth_scopes": [
                  "https://www.googleapis.com/auth/cloud-platform"
                ],
                "preemptible": false,
                "reservation_affinity": [],
                "resource_labels": {
                  "goog-gke-node-pool-provisioning-model": "on-demand"
                },
                "resource_manager_tags": null,
                "secondary_boot_disks": [],
                "service_account": "kubernetes-project@k8s-assignment-454511.iam.gserviceaccount.com",
                "shielded_instance_config": [
                  {
                    "enable_integrity_monitoring": true,
                    "enable_secure_boot": false
                  }
                ],
                "sole_tenant_config": [],
                "spot": false,
                "storage_pools": null,
                "tags": null,
                "taint": [],
                "workload_metadata_config": []
              }
            ],
            "node_count": 1,
            "node_locations": [
              "us-central1-a"
            ],
            "operation": null,
            "placement_policy": [],
            "project": "k8s-assignment-454511",
            "queued_provisioning": [],
            "timeouts": null,
            "upgrade_settings": [
              {
                "blue_green_settings": [],
                "max_surge": 1,
                "max_unavailable": 0,
                "strategy": "SURGE"
              }
            ],
            "version": "1.31.6-gke.1020000"
          },
          "sensitive_attributes": [],
          "private": "eyJlMmJmYjczMC1lY2FhLTExZTYtOGY4OC0zNDM2M2JjN2M0YzAiOnsiY3JlYXRlIjoxODAwMDAwMDAwMDAwLCJkZWxldGUiOjE4MDAwMDAwMDAwMDAsInVwZGF0ZSI6MTgwMDAwMDAwMDAwMH0sInNjaGVtYV92ZXJzaW9uIjoiMSJ9",
          "dependencies": [
            "data.google_iam_policy.serviceagent_secretAccessor",
            "google_cloudbuild_trigger.github_trigger",
            "google_cloudbuildv2_connection.my_connection",
            "google_cloudbuildv2_repository.my_repository",
            "google_container_cluster.primary",
            "google_project_service.cloud_build_api",
            "google_project_service.compute_engine_api",
            "google_project_service.kubernetes_engine_api",
            "google_project_service.secret_manager_api",
            "google_secret_manager_secret.github_token_secret",
            "google_secret_manager_secret_iam_policy.policy",
            "google_secret_manager_secret_version.github_token_secret_version",
            "google_service_account.default"
          ]
        }
      ]
    },
    {
      "mode": "managed",
      "type": "google_project_iam_member",
      "name": "cloud_build_editor",
      "provider": "provider[\"registry.terraform.io/hashicorp/google\"]",
      "instances": [
        {
          "schema_version": 0,
          "attributes": {
            "condition": [],
            "etag": "BwYw7LWPpII=",
            "id": "k8s-assignment-454511/roles/cloudbuild.builds.editor/serviceAccount:kubernetes-project@k8s-assignment-454511.iam.gserviceaccount.com",
            "member": "serviceAccount:kubernetes-project@k8s-assignment-454511.iam.gserviceaccount.com",
            "project": "k8s-assignment-454511",
            "role": "roles/cloudbuild.builds.editor"
          },
          "sensitive_attributes": [],
          "private": "bnVsbA==",
          "dependencies": [
            "google_project_service.cloud_build_api",
            "google_service_account.default"
          ]
        }
      ]
    },
    {
      "mode": "managed",
      "type": "google_project_iam_member",
      "name": "cloud_run_admin",
      "provider": "provider[\"registry.terraform.io/hashicorp/google\"]",
      "instances": [
        {
          "schema_version": 0,
          "attributes": {
            "condition": [],
            "etag": "BwYw7LUFYUQ=",
            "id": "k8s-assignment-454511/roles/run.admin/serviceAccount:kubernetes-project@k8s-assignment-454511.iam.gserviceaccount.com",
            "member": "serviceAccount:kubernetes-project@k8s-assignment-454511.iam.gserviceaccount.com",
            "project": "k8s-assignment-454511",
            "role": "roles/run.admin"
          },
          "sensitive_attributes": [],
          "private": "bnVsbA==",
          "dependencies": [
            "google_service_account.default"
          ]
        }
      ]
    },
    {
      "mode": "managed",
      "type": "google_project_iam_member",
      "name": "cloudbuild_artifact_writer",
      "provider": "provider[\"registry.terraform.io/hashicorp/google\"]",
      "instances": [
        {
          "schema_version": 0,
          "attributes": {
            "condition": [],
            "etag": "BwYw7LUFYUQ=",
            "id": "k8s-assignment-454511/roles/artifactregistry.writer/serviceAccount:kubernetes-project@k8s-assignment-454511.iam.gserviceaccount.com",
            "member": "serviceAccount:kubernetes-project@k8s-assignment-454511.iam.gserviceaccount.com",
            "project": "k8s-assignment-454511",
            "role": "roles/artifactregistry.writer"
          },
          "sensitive_attributes": [],
          "private": "bnVsbA==",
          "dependencies": [
            "google_service_account.default"
          ]
        }
      ]
    },
    {
      "mode": "managed",
      "type": "google_project_iam_member",
      "name": "cloudbuild_log_writer",
      "provider": "provider[\"registry.terraform.io/hashicorp/google\"]",
      "instances": [
        {
          "schema_version": 0,
          "attributes": {
            "condition": [],
            "etag": "BwYw7LUFYUQ=",
            "id": "k8s-assignment-454511/roles/logging.logWriter/serviceAccount:kubernetes-project@k8s-assignment-454511.iam.gserviceaccount.com",
            "member": "serviceAccount:kubernetes-project@k8s-assignment-454511.iam.gserviceaccount.com",
            "project": "k8s-assignment-454511",
            "role": "roles/logging.logWriter"
          },
          "sensitive_attributes": [],
          "private": "bnVsbA==",
          "dependencies": [
            "google_service_account.default"
          ]
        }
      ]
    },
    {
      "mode": "managed",
      "type": "google_project_iam_member",
      "name": "cloudbuild_logs_viewer",
      "provider": "provider[\"registry.terraform.io/hashicorp/google\"]",
      "instances": [
        {
          "schema_version": 0,
          "attributes": {
            "condition": [],
            "etag": "BwYw7LUFYUQ=",
            "id": "k8s-assignment-454511/roles/logging.viewer/serviceAccount:kubernetes-project@k8s-assignment-454511.iam.gserviceaccount.com",
            "member": "serviceAccount:kubernetes-project@k8s-assignment-454511.iam.gserviceaccount.com",
            "project": "k8s-assignment-454511",
            "role": "roles/logging.viewer"
          },
          "sensitive_attributes": [],
          "private": "bnVsbA==",
          "dependencies": [
            "google_service_account.default"
          ]
        }
      ]
    },
    {
      "mode": "managed",
      "type": "google_project_iam_member",
      "name": "compute_engine_admin",
      "provider": "provider[\"registry.terraform.io/hashicorp/google\"]",
      "instances": [
        {
          "schema_version": 0,
          "attributes": {
            "condition": [],
            "etag": "BwYw7LUFYUQ=",
            "id": "k8s-assignment-454511/roles/compute.admin/serviceAccount:kubernetes-project@k8s-assignment-454511.iam.gserviceaccount.com",
            "member": "serviceAccount:kubernetes-project@k8s-assignment-454511.iam.gserviceaccount.com",
            "project": "k8s-assignment-454511",
            "role": "roles/compute.admin"
          },
          "sensitive_attributes": [],
          "private": "bnVsbA==",
          "dependencies": [
            "google_service_account.default"
          ]
        }
      ]
    },
    {
      "mode": "managed",
      "type": "google_project_iam_member",
      "name": "kubernetes_engine_admin",
      "provider": "provider[\"registry.terraform.io/hashicorp/google\"]",
      "instances": [
        {
          "schema_version": 0,
          "attributes": {
            "condition": [],
            "etag": "BwYw7Lcl6FE=",
            "id": "k8s-assignment-454511/roles/container.admin/serviceAccount:kubernetes-project@k8s-assignment-454511.iam.gserviceaccount.com",
            "member": "serviceAccount:kubernetes-project@k8s-assignment-454511.iam.gserviceaccount.com",
            "project": "k8s-assignment-454511",
            "role": "roles/container.admin"
          },
          "sensitive_attributes": [],
          "private": "bnVsbA==",
          "dependencies": [
            "google_project_service.cloud_build_api",
            "google_project_service.compute_engine_api",
            "google_project_service.kubernetes_engine_api",
            "google_service_account.default"
          ]
        }
      ]
    },
    {
      "mode": "managed",
      "type": "google_project_iam_member",
      "name": "logs_viewer",
      "provider": "provider[\"registry.terraform.io/hashicorp/google\"]",
      "instances": [
        {
          "schema_version": 0,
          "attributes": {
            "condition": [],
            "etag": "BwYw7LUFYUQ=",
            "id": "k8s-assignment-454511/roles/logging.viewer/serviceAccount:kubernetes-project@k8s-assignment-454511.iam.gserviceaccount.com",
            "member": "serviceAccount:kubernetes-project@k8s-assignment-454511.iam.gserviceaccount.com",
            "project": "k8s-assignment-454511",
            "role": "roles/logging.viewer"
          },
          "sensitive_attributes": [],
          "private": "bnVsbA==",
          "dependencies": [
            "google_service_account.default"
          ]
        }
      ]
    },
    {
      "mode": "managed",
      "type": "google_project_service",
      "name": "cloud_build_api",
      "provider": "provider[\"registry.terraform.io/hashicorp/google\"]",
      "instances": [
        {
          "schema_version": 0,
          "attributes": {
            "disable_dependent_services": null,
            "disable_on_destroy": true,
            "id": "k8s-assignment-454511/cloudbuild.googleapis.com",
            "project": "k8s-assignment-454511",
            "service": "cloudbuild.googleapis.com",
            "timeouts": null
          },
          "sensitive_attributes": [],
          "private": "eyJlMmJmYjczMC1lY2FhLTExZTYtOGY4OC0zNDM2M2JjN2M0YzAiOnsiY3JlYXRlIjoxMjAwMDAwMDAwMDAwLCJkZWxldGUiOjEyMDAwMDAwMDAwMDAsInJlYWQiOjYwMDAwMDAwMDAwMCwidXBkYXRlIjoxMjAwMDAwMDAwMDAwfX0="
        }
      ]
    },
    {
      "mode": "managed",
      "type": "google_project_service",
      "name": "compute_engine_api",
      "provider": "provider[\"registry.terraform.io/hashicorp/google\"]",
      "instances": [
        {
          "schema_version": 0,
          "attributes": {
            "disable_dependent_services": true,
            "disable_on_destroy": true,
            "id": "k8s-assignment-454511/compute.googleapis.com",
            "project": "k8s-assignment-454511",
            "service": "compute.googleapis.com",
            "timeouts": null
          },
          "sensitive_attributes": [],
          "private": "eyJlMmJmYjczMC1lY2FhLTExZTYtOGY4OC0zNDM2M2JjN2M0YzAiOnsiY3JlYXRlIjoxMjAwMDAwMDAwMDAwLCJkZWxldGUiOjEyMDAwMDAwMDAwMDAsInJlYWQiOjYwMDAwMDAwMDAwMCwidXBkYXRlIjoxMjAwMDAwMDAwMDAwfX0=",
          "dependencies": [
            "google_project_service.cloud_build_api"
          ]
        }
      ]
    },
    {
      "mode": "managed",
      "type": "google_project_service",
      "name": "enable_artifact_registry",
      "provider": "provider[\"registry.terraform.io/hashicorp/google\"]",
      "instances": [
        {
          "schema_version": 0,
          "attributes": {
            "disable_dependent_services": null,
            "disable_on_destroy": true,
            "id": "k8s-assignment-454511/artifactregistry.googleapis.com",
            "project": "k8s-assignment-454511",
            "service": "artifactregistry.googleapis.com",
            "timeouts": null
          },
          "sensitive_attributes": [],
          "private": "eyJlMmJmYjczMC1lY2FhLTExZTYtOGY4OC0zNDM2M2JjN2M0YzAiOnsiY3JlYXRlIjoxMjAwMDAwMDAwMDAwLCJkZWxldGUiOjEyMDAwMDAwMDAwMDAsInJlYWQiOjYwMDAwMDAwMDAwMCwidXBkYXRlIjoxMjAwMDAwMDAwMDAwfX0=",
          "dependencies": [
            "google_project_service.cloud_build_api"
          ]
        }
      ]
    },
    {
      "mode": "managed",
      "type": "google_project_service",
      "name": "kubernetes_engine_api",
      "provider": "provider[\"registry.terraform.io/hashicorp/google\"]",
      "instances": [
        {
          "schema_version": 0,
          "attributes": {
            "disable_dependent_services": null,
            "disable_on_destroy": true,
            "id": "k8s-assignment-454511/container.googleapis.com",
            "project": "k8s-assignment-454511",
            "service": "container.googleapis.com",
            "timeouts": null
          },
          "sensitive_attributes": [],
          "private": "eyJlMmJmYjczMC1lY2FhLTExZTYtOGY4OC0zNDM2M2JjN2M0YzAiOnsiY3JlYXRlIjoxMjAwMDAwMDAwMDAwLCJkZWxldGUiOjEyMDAwMDAwMDAwMDAsInJlYWQiOjYwMDAwMDAwMDAwMCwidXBkYXRlIjoxMjAwMDAwMDAwMDAwfX0=",
          "dependencies": [
            "google_project_service.cloud_build_api",
            "google_project_service.compute_engine_api"
          ]
        }
      ]
    },
    {
      "mode": "managed",
      "type": "google_project_service",
      "name": "secret_manager_api",
      "provider": "provider[\"registry.terraform.io/hashicorp/google\"]",
      "instances": [
        {
          "schema_version": 0,
          "attributes": {
            "disable_dependent_services": null,
            "disable_on_destroy": true,
            "id": "k8s-assignment-454511/secretmanager.googleapis.com",
            "project": "k8s-assignment-454511",
            "service": "secretmanager.googleapis.com",
            "timeouts": null
          },
          "sensitive_attributes": [],
          "private": "eyJlMmJmYjczMC1lY2FhLTExZTYtOGY4OC0zNDM2M2JjN2M0YzAiOnsiY3JlYXRlIjoxMjAwMDAwMDAwMDAwLCJkZWxldGUiOjEyMDAwMDAwMDAwMDAsInJlYWQiOjYwMDAwMDAwMDAwMCwidXBkYXRlIjoxMjAwMDAwMDAwMDAwfX0="
        }
      ]
    },
    {
      "mode": "managed",
      "type": "google_secret_manager_secret",
      "name": "github_token_secret",
      "provider": "provider[\"registry.terraform.io/hashicorp/google\"]",
      "instances": [
        {
          "schema_version": 0,
          "attributes": {
            "annotations": null,
            "create_time": "2025-03-22T11:31:13.107138Z",
            "effective_annotations": {},
            "effective_labels": {
              "goog-terraform-provisioned": "true"
            },
            "expire_time": "",
            "id": "projects/k8s-assignment-454511/secrets/github_token",
            "labels": null,
            "name": "projects/506929895493/secrets/github_token",
            "project": "k8s-assignment-454511",
            "replication": [
              {
                "auto": [
                  {
                    "customer_managed_encryption": []
                  }
                ],
                "user_managed": []
              }
            ],
            "rotation": [],
            "secret_id": "github_token",
            "terraform_labels": {
              "goog-terraform-provisioned": "true"
            },
            "timeouts": null,
            "topics": [],
            "ttl": null,
            "version_aliases": null,
            "version_destroy_ttl": ""
          },
          "sensitive_attributes": [],
          "private": "eyJlMmJmYjczMC1lY2FhLTExZTYtOGY4OC0zNDM2M2JjN2M0YzAiOnsiY3JlYXRlIjoxMjAwMDAwMDAwMDAwLCJkZWxldGUiOjEyMDAwMDAwMDAwMDAsInVwZGF0ZSI6MTIwMDAwMDAwMDAwMH19",
          "dependencies": [
            "google_project_service.secret_manager_api"
          ]
        }
      ]
    },
    {
      "mode": "managed",
      "type": "google_secret_manager_secret_iam_policy",
      "name": "policy",
      "provider": "provider[\"registry.terraform.io/hashicorp/google\"]",
      "instances": [
        {
          "schema_version": 0,
          "attributes": {
            "etag": "BwYw7LVgklo=",
            "id": "projects/k8s-assignment-454511/secrets/github_token",
            "policy_data": "{\"bindings\":[{\"members\":[\"serviceAccount:service-506929895493@gcp-sa-cloudbuild.iam.gserviceaccount.com\"],\"role\":\"roles/secretmanager.secretAccessor\"}]}",
            "project": "k8s-assignment-454511",
            "secret_id": "projects/k8s-assignment-454511/secrets/github_token"
          },
          "sensitive_attributes": [],
          "private": "bnVsbA==",
          "dependencies": [
            "data.google_iam_policy.serviceagent_secretAccessor",
            "google_project_service.secret_manager_api",
            "google_secret_manager_secret.github_token_secret",
            "google_service_account.default"
          ]
        }
      ]
    },
    {
      "mode": "managed",
      "type": "google_secret_manager_secret_version",
      "name": "github_token_secret_version",
      "provider": "provider[\"registry.terraform.io/hashicorp/google\"]",
      "instances": [
        {
          "schema_version": 0,
          "attributes": {
            "create_time": "2025-03-22T11:31:13.755911Z",
            "deletion_policy": "DELETE",
            "destroy_time": "",
            "enabled": true,
            "id": "projects/506929895493/secrets/github_token/versions/1",
            "is_secret_data_base64": false,
            "name": "projects/506929895493/secrets/github_token/versions/1",
            "secret": "projects/k8s-assignment-454511/secrets/github_token",
            "secret_data": "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",
            "secret_data_wo": null,
            "secret_data_wo_version": 0,
            "timeouts": null,
            "version": "1"
          },
          "sensitive_attributes": [
            [
              {
                "type": "get_attr",
                "value": "secret_data"
              }
            ]
          ],
          "private": "eyJlMmJmYjczMC1lY2FhLTExZTYtOGY4OC0zNDM2M2JjN2M0YzAiOnsiY3JlYXRlIjoxMjAwMDAwMDAwMDAwLCJkZWxldGUiOjEyMDAwMDAwMDAwMDAsInVwZGF0ZSI6MTIwMDAwMDAwMDAwMH19",
          "dependencies": [
            "google_project_service.secret_manager_api",
            "google_secret_manager_secret.github_token_secret"
          ]
        }
      ]
    },
    {
      "mode": "managed",
      "type": "google_service_account",
      "name": "default",
      "provider": "provider[\"registry.terraform.io/hashicorp/google\"]",
      "instances": [
        {
          "schema_version": 0,
          "attributes": {
            "account_id": "kubernetes-project",
            "create_ignore_already_exists": null,
            "description": "",
            "disabled": false,
            "display_name": "Access to Kubernetes and Compute Engine",
            "email": "kubernetes-project@k8s-assignment-454511.iam.gserviceaccount.com",
            "id": "projects/k8s-assignment-454511/serviceAccounts/kubernetes-project@k8s-assignment-454511.iam.gserviceaccount.com",
            "member": "serviceAccount:kubernetes-project@k8s-assignment-454511.iam.gserviceaccount.com",
            "name": "projects/k8s-assignment-454511/serviceAccounts/kubernetes-project@k8s-assignment-454511.iam.gserviceaccount.com",
            "project": "k8s-assignment-454511",
            "timeouts": null,
            "unique_id": "115873987264639735559"
          },
          "sensitive_attributes": [],
          "private": "eyJlMmJmYjczMC1lY2FhLTExZTYtOGY4OC0zNDM2M2JjN2M0YzAiOnsiY3JlYXRlIjozMDAwMDAwMDAwMDB9fQ=="
        }
      ]
    }
  ],
  "check_results": null
}
